
Microsoft Visual Studio Solution File, Format Version 11.00
# Visual C# Express 2010
Project("{FAE04EC0-301F-11D3-BF4B-00C04F79EFBC}") = "MapGenerator", "MapGenerator\MapGenerator\MapGenerator.csproj", "{EC4A4C99-CCCA-40BA-9B79-B8AFA58D0F1E}"
EndProject
Project("{96E2B04D-8817-42C6-938A-82C39BA4D311}") = "MapGeneratorContent", "MapGenerator\MapGeneratorContent\MapGeneratorContent.contentproj", "{FC2A4395-DAE0-4001-B1BB-6ADF80677A95}"
EndProject
Global
	GlobalSection(SolutionConfigurationPlatforms) = preSolution
		Debug|x86 = Debug|x86
		Release|x86 = Release|x86
	EndGlobalSection
	GlobalSection(ProjectConfigurationPlatforms) = postSolution
		{EC4A4C99-CCCA-40BA-9B79-B8AFA58D0F1E}.Debug|x86.ActiveCfg = Debug|x86
		{EC4A4C99-CCCA-40BA-9B79-B8AFA58D0F1E}.Debug|x86.Build.0 = Debug|x86
		{EC4A4C99-CCCA-40BA-9B79-B8AFA58D0F1E}.Release|x86.ActiveCfg = Release|x86
		{EC4A4C99-CCCA-40BA-9B79-B8AFA58D0F1E}.Release|x86.Build.0 = Release|x86
		{FC2A4395-DAE0-4001-B1BB-6ADF80677A95}.Debug|x86.ActiveCfg = Debug|x86
		{FC2A4395-DAE0-4001-B1BB-6ADF80677A95}.Release|x86.ActiveCfg = Release|x86
	EndGlobalSection
	GlobalSection(SolutionProperties) = preSolution
		HideSolutionNode = FALSE
	EndGlobalSection
EndGlobal
